
Microsoft Visual Studio Solution File, Format Version 12.00
# Visual Studio 2012
Project("{FAE04EC0-301F-11D3-BF4B-00C04F79EFBC}") = "Aurora_UI", "Aurora_UI\Aurora_UI.csproj", "{DD6A7880-D60B-45BD-8401-5BC2BCC48250}"
EndProject
Project("{FAE04EC0-301F-11D3-BF4B-00C04F79EFBC}") = "Server", "Server\Server.csproj", "{988813A4-70B2-4887-AF83-CD9322A3F3BC}"
EndProject
Project("{FAE04EC0-301F-11D3-BF4B-00C04F79EFBC}") = "DFsimulator", "DFsimulator\DFsimulator.csproj", "{608DE6A1-D073-4D3B-92AB-7EAC01137F0E}"
EndProject
Project("{FAE04EC0-301F-11D3-BF4B-00C04F79EFBC}") = "Server.Tests", "Server.Tests\Server.Tests.csproj", "{55FF9704-80C8-4003-9A80-54D8619AC644}"
EndProject
Project("{930C7802-8A8C-48F9-8165-68863BCCD9DD}") = "TradeSimulator", "TradeSimulator\TradeSimulator.wixproj", "{39D4A26A-0E55-4161-90BF-1146706F240A}"
EndProject
Global
	GlobalSection(SolutionConfigurationPlatforms) = preSolution
		Debug|Any CPU = Debug|Any CPU
		Debug|Mixed Platforms = Debug|Mixed Platforms
		Debug|x86 = Debug|x86
		Release|Any CPU = Release|Any CPU
		Release|Mixed Platforms = Release|Mixed Platforms
		Release|x86 = Release|x86
	EndGlobalSection
	GlobalSection(ProjectConfigurationPlatforms) = postSolution
		{DD6A7880-D60B-45BD-8401-5BC2BCC48250}.Debug|Any CPU.ActiveCfg = Debug|x86
		{DD6A7880-D60B-45BD-8401-5BC2BCC48250}.Debug|Mixed Platforms.ActiveCfg = Debug|x86
		{DD6A7880-D60B-45BD-8401-5BC2BCC48250}.Debug|Mixed Platforms.Build.0 = Debug|x86
		{DD6A7880-D60B-45BD-8401-5BC2BCC48250}.Debug|x86.ActiveCfg = Debug|x86
		{DD6A7880-D60B-45BD-8401-5BC2BCC48250}.Debug|x86.Build.0 = Debug|x86
		{DD6A7880-D60B-45BD-8401-5BC2BCC48250}.Release|Any CPU.ActiveCfg = Release|x86
		{DD6A7880-D60B-45BD-8401-5BC2BCC48250}.Release|Mixed Platforms.ActiveCfg = Release|x86
		{DD6A7880-D60B-45BD-8401-5BC2BCC48250}.Release|Mixed Platforms.Build.0 = Release|x86
		{DD6A7880-D60B-45BD-8401-5BC2BCC48250}.Release|x86.ActiveCfg = Release|x86
		{DD6A7880-D60B-45BD-8401-5BC2BCC48250}.Release|x86.Build.0 = Release|x86
		{988813A4-70B2-4887-AF83-CD9322A3F3BC}.Debug|Any CPU.ActiveCfg = Debug|Any CPU
		{988813A4-70B2-4887-AF83-CD9322A3F3BC}.Debug|Any CPU.Build.0 = Debug|Any CPU
		{988813A4-70B2-4887-AF83-CD9322A3F3BC}.Debug|Mixed Platforms.ActiveCfg = Debug|Any CPU
		{988813A4-70B2-4887-AF83-CD9322A3F3BC}.Debug|Mixed Platforms.Build.0 = Debug|Any CPU
		{988813A4-70B2-4887-AF83-CD9322A3F3BC}.Debug|x86.ActiveCfg = Debug|Any CPU
		{988813A4-70B2-4887-AF83-CD9322A3F3BC}.Release|Any CPU.ActiveCfg = Release|Any CPU
		{988813A4-70B2-4887-AF83-CD9322A3F3BC}.Release|Any CPU.Build.0 = Release|Any CPU
		{988813A4-70B2-4887-AF83-CD9322A3F3BC}.Release|Mixed Platforms.ActiveCfg = Release|Any CPU
		{988813A4-70B2-4887-AF83-CD9322A3F3BC}.Release|Mixed Platforms.Build.0 = Release|Any CPU
		{988813A4-70B2-4887-AF83-CD9322A3F3BC}.Release|x86.ActiveCfg = Release|Any CPU
		{608DE6A1-D073-4D3B-92AB-7EAC01137F0E}.Debug|Any CPU.ActiveCfg = Debug|Any CPU
		{608DE6A1-D073-4D3B-92AB-7EAC01137F0E}.Debug|Any CPU.Build.0 = Debug|Any CPU
		{608DE6A1-D073-4D3B-92AB-7EAC01137F0E}.Debug|Mixed Platforms.ActiveCfg = Debug|Any CPU
		{608DE6A1-D073-4D3B-92AB-7EAC01137F0E}.Debug|Mixed Platforms.Build.0 = Debug|Any CPU
		{608DE6A1-D073-4D3B-92AB-7EAC01137F0E}.Debug|x86.ActiveCfg = Debug|Any CPU
		{608DE6A1-D073-4D3B-92AB-7EAC01137F0E}.Release|Any CPU.ActiveCfg = Release|Any CPU
		{608DE6A1-D073-4D3B-92AB-7EAC01137F0E}.Release|Any CPU.Build.0 = Release|Any CPU
		{608DE6A1-D073-4D3B-92AB-7EAC01137F0E}.Release|Mixed Platforms.ActiveCfg = Release|Any CPU
		{608DE6A1-D073-4D3B-92AB-7EAC01137F0E}.Release|Mixed Platforms.Build.0 = Release|Any CPU
		{608DE6A1-D073-4D3B-92AB-7EAC01137F0E}.Release|x86.ActiveCfg = Release|Any CPU
		{55FF9704-80C8-4003-9A80-54D8619AC644}.Debug|Any CPU.ActiveCfg = Debug|Any CPU
		{55FF9704-80C8-4003-9A80-54D8619AC644}.Debug|Any CPU.Build.0 = Debug|Any CPU
		{55FF9704-80C8-4003-9A80-54D8619AC644}.Debug|Mixed Platforms.ActiveCfg = Debug|Any CPU
		{55FF9704-80C8-4003-9A80-54D8619AC644}.Debug|Mixed Platforms.Build.0 = Debug|Any CPU
		{55FF9704-80C8-4003-9A80-54D8619AC644}.Debug|x86.ActiveCfg = Debug|Any CPU
		{55FF9704-80C8-4003-9A80-54D8619AC644}.Release|Any CPU.ActiveCfg = Release|Any CPU
		{55FF9704-80C8-4003-9A80-54D8619AC644}.Release|Any CPU.Build.0 = Release|Any CPU
		{55FF9704-80C8-4003-9A80-54D8619AC644}.Release|Mixed Platforms.ActiveCfg = Release|Any CPU
		{55FF9704-80C8-4003-9A80-54D8619AC644}.Release|Mixed Platforms.Build.0 = Release|Any CPU
		{55FF9704-80C8-4003-9A80-54D8619AC644}.Release|x86.ActiveCfg = Release|Any CPU
		{39D4A26A-0E55-4161-90BF-1146706F240A}.Debug|Any CPU.ActiveCfg = Debug|x86
		{39D4A26A-0E55-4161-90BF-1146706F240A}.Debug|Mixed Platforms.ActiveCfg = Debug|x86
		{39D4A26A-0E55-4161-90BF-1146706F240A}.Debug|Mixed Platforms.Build.0 = Debug|x86
		{39D4A26A-0E55-4161-90BF-1146706F240A}.Debug|x86.ActiveCfg = Debug|x86
		{39D4A26A-0E55-4161-90BF-1146706F240A}.Debug|x86.Build.0 = Debug|x86
		{39D4A26A-0E55-4161-90BF-1146706F240A}.Release|Any CPU.ActiveCfg = Release|x86
		{39D4A26A-0E55-4161-90BF-1146706F240A}.Release|Mixed Platforms.ActiveCfg = Release|x86
		{39D4A26A-0E55-4161-90BF-1146706F240A}.Release|x86.ActiveCfg = Release|x86
		{39D4A26A-0E55-4161-90BF-1146706F240A}.Release|x86.Build.0 = Release|x86
	EndGlobalSection
	GlobalSection(SolutionProperties) = preSolution
		HideSolutionNode = FALSE
	EndGlobalSection
EndGlobal
